
Microsoft Visual Studio Solution File, Format Version 12.00
# Visual Studio Version 17
VisualStudioVersion = 17.4.33213.308
MinimumVisualStudioVersion = 10.0.40219.1
Project("{FAE04EC0-301F-11D3-BF4B-00C04F79EFBC}") = "MethodCallMomo", "MethodCallMomo\MethodCallMomo.csproj", "{807CE441-80A0-4C46-BBD7-BE253BB26861}"
EndProject
Global
	GlobalSection(SolutionConfigurationPlatforms) = preSolution
		Debug|Any CPU = Debug|Any CPU
		Release|Any CPU = Release|Any CPU
	EndGlobalSection
	GlobalSection(ProjectConfigurationPlatforms) = postSolution
		{807CE441-80A0-4C46-BBD7-BE253BB26861}.Debug|Any CPU.ActiveCfg = Debug|Any CPU
		{807CE441-80A0-4C46-BBD7-BE253BB26861}.Debug|Any CPU.Build.0 = Debug|Any CPU
		{807CE441-80A0-4C46-BBD7-BE253BB26861}.Release|Any CPU.ActiveCfg = Release|Any CPU
		{807CE441-80A0-4C46-BBD7-BE253BB26861}.Release|Any CPU.Build.0 = Release|Any CPU
	EndGlobalSection
	GlobalSection(SolutionProperties) = preSolution
		HideSolutionNode = FALSE
	EndGlobalSection
	GlobalSection(ExtensibilityGlobals) = postSolution
		SolutionGuid = {0DA46773-9E28-49EF-8C37-94E63CC5806B}
	EndGlobalSection
EndGlobal
